
Microsoft Visual Studio Solution File, Format Version 12.00
# Visual Studio Version 16
VisualStudioVersion = 16.0.29920.165
MinimumVisualStudioVersion = 10.0.40219.1
Project("{9A19103F-16F7-4668-BE54-9A1E7A4F7556}") = "DemoAzureStorageExplorer", "DemoAzureStorageExplorer.csproj", "{59E5814C-4676-4F19-8CEF-0053481DA0AF}"
EndProject
Project("{9A19103F-16F7-4668-BE54-9A1E7A4F7556}") = "AzureUtils", "..\AzureUtils\AzureUtils.csproj", "{B00DBA64-6D74-4AD5-BD78-92F460D41AA7}"
EndProject
Project("{FAE04EC0-301F-11D3-BF4B-00C04F79EFBC}") = "DemoWebApi", "..\DemoWebApi\DemoWebApi.csproj", "{B02AA608-248F-4B0E-A589-EFEC4A72E756}"
EndProject
Global
	GlobalSection(SolutionConfigurationPlatforms) = preSolution
		Debug|Any CPU = Debug|Any CPU
		Release|Any CPU = Release|Any CPU
	EndGlobalSection
	GlobalSection(ProjectConfigurationPlatforms) = postSolution
		{59E5814C-4676-4F19-8CEF-0053481DA0AF}.Debug|Any CPU.ActiveCfg = Debug|Any CPU
		{59E5814C-4676-4F19-8CEF-0053481DA0AF}.Debug|Any CPU.Build.0 = Debug|Any CPU
		{59E5814C-4676-4F19-8CEF-0053481DA0AF}.Release|Any CPU.ActiveCfg = Release|Any CPU
		{59E5814C-4676-4F19-8CEF-0053481DA0AF}.Release|Any CPU.Build.0 = Release|Any CPU
		{B00DBA64-6D74-4AD5-BD78-92F460D41AA7}.Debug|Any CPU.ActiveCfg = Debug|Any CPU
		{B00DBA64-6D74-4AD5-BD78-92F460D41AA7}.Debug|Any CPU.Build.0 = Debug|Any CPU
		{B00DBA64-6D74-4AD5-BD78-92F460D41AA7}.Release|Any CPU.ActiveCfg = Release|Any CPU
		{B00DBA64-6D74-4AD5-BD78-92F460D41AA7}.Release|Any CPU.Build.0 = Release|Any CPU
		{B02AA608-248F-4B0E-A589-EFEC4A72E756}.Debug|Any CPU.ActiveCfg = Debug|Any CPU
		{B02AA608-248F-4B0E-A589-EFEC4A72E756}.Debug|Any CPU.Build.0 = Debug|Any CPU
		{B02AA608-248F-4B0E-A589-EFEC4A72E756}.Release|Any CPU.ActiveCfg = Release|Any CPU
		{B02AA608-248F-4B0E-A589-EFEC4A72E756}.Release|Any CPU.Build.0 = Release|Any CPU
	EndGlobalSection
	GlobalSection(SolutionProperties) = preSolution
		HideSolutionNode = FALSE
	EndGlobalSection
	GlobalSection(ExtensibilityGlobals) = postSolution
		SolutionGuid = {8587541D-9A4E-4E4F-BB66-A9E4DCD94504}
	EndGlobalSection
EndGlobal
